
Microsoft Visual Studio Solution File, Format Version 12.00
# Visual Studio Version 16
VisualStudioVersion = 16.0.31129.286
MinimumVisualStudioVersion = 10.0.40219.1
Project("{FAE04EC0-301F-11D3-BF4B-00C04F79EFBC}") = "CSBasic_2", "CSBasic_2\CSBasic_2.csproj", "{79846FC8-9FD8-4A55-9CA1-FCBF8205E6DA}"
EndProject
Global
	GlobalSection(SolutionConfigurationPlatforms) = preSolution
		Debug|Any CPU = Debug|Any CPU
		Release|Any CPU = Release|Any CPU
	EndGlobalSection
	GlobalSection(ProjectConfigurationPlatforms) = postSolution
		{79846FC8-9FD8-4A55-9CA1-FCBF8205E6DA}.Debug|Any CPU.ActiveCfg = Debug|Any CPU
		{79846FC8-9FD8-4A55-9CA1-FCBF8205E6DA}.Debug|Any CPU.Build.0 = Debug|Any CPU
		{79846FC8-9FD8-4A55-9CA1-FCBF8205E6DA}.Release|Any CPU.ActiveCfg = Release|Any CPU
		{79846FC8-9FD8-4A55-9CA1-FCBF8205E6DA}.Release|Any CPU.Build.0 = Release|Any CPU
	EndGlobalSection
	GlobalSection(SolutionProperties) = preSolution
		HideSolutionNode = FALSE
	EndGlobalSection
	GlobalSection(ExtensibilityGlobals) = postSolution
		SolutionGuid = {FA583C47-C5A7-48D9-AFCE-1AFF5B9BDED2}
	EndGlobalSection
EndGlobal
